
Microsoft Visual Studio Solution File, Format Version 12.00
# Visual Studio 14
VisualStudioVersion = 14.0.24720.0
MinimumVisualStudioVersion = 10.0.40219.1
Project("{FAE04EC0-301F-11D3-BF4B-00C04F79EFBC}") = "TesteCMS", "TesteCMS\TesteCMS.csproj", "{40C6891D-FFDE-4AEF-B16A-86806D7DFAB3}"
EndProject
Project("{00D1A9C2-B5F0-4AF3-8072-F6C62B433612}") = "TesteDbCms", "TesteDbCms\TesteDbCms.sqlproj", "{A4B3348A-A124-492C-ACDE-4C7453138677}"
EndProject
Global
	GlobalSection(SolutionConfigurationPlatforms) = preSolution
		Debug|Any CPU = Debug|Any CPU
		Release|Any CPU = Release|Any CPU
	EndGlobalSection
	GlobalSection(ProjectConfigurationPlatforms) = postSolution
		{40C6891D-FFDE-4AEF-B16A-86806D7DFAB3}.Debug|Any CPU.ActiveCfg = Debug|Any CPU
		{40C6891D-FFDE-4AEF-B16A-86806D7DFAB3}.Debug|Any CPU.Build.0 = Debug|Any CPU
		{40C6891D-FFDE-4AEF-B16A-86806D7DFAB3}.Release|Any CPU.ActiveCfg = Release|Any CPU
		{40C6891D-FFDE-4AEF-B16A-86806D7DFAB3}.Release|Any CPU.Build.0 = Release|Any CPU
		{A4B3348A-A124-492C-ACDE-4C7453138677}.Debug|Any CPU.ActiveCfg = Debug|Any CPU
		{A4B3348A-A124-492C-ACDE-4C7453138677}.Debug|Any CPU.Build.0 = Debug|Any CPU
		{A4B3348A-A124-492C-ACDE-4C7453138677}.Debug|Any CPU.Deploy.0 = Debug|Any CPU
		{A4B3348A-A124-492C-ACDE-4C7453138677}.Release|Any CPU.ActiveCfg = Release|Any CPU
		{A4B3348A-A124-492C-ACDE-4C7453138677}.Release|Any CPU.Build.0 = Release|Any CPU
		{A4B3348A-A124-492C-ACDE-4C7453138677}.Release|Any CPU.Deploy.0 = Release|Any CPU
	EndGlobalSection
	GlobalSection(SolutionProperties) = preSolution
		HideSolutionNode = FALSE
	EndGlobalSection
EndGlobal
